
Microsoft Visual Studio Solution File, Format Version 12.00
# Visual Studio Version 17
VisualStudioVersion = 17.13.35825.156 d17.13
MinimumVisualStudioVersion = 10.0.40219.1
Project("{FAE04EC0-301F-11D3-BF4B-00C04F79EFBC}") = "PUSPITA", "PUSPITA\PUSPITA.csproj", "{B0CAD937-5AA2-421D-BADC-5B5DF22E0E19}"
EndProject
Global
	GlobalSection(SolutionConfigurationPlatforms) = preSolution
		Debug|Any CPU = Debug|Any CPU
		Release|Any CPU = Release|Any CPU
	EndGlobalSection
	GlobalSection(ProjectConfigurationPlatforms) = postSolution
		{B0CAD937-5AA2-421D-BADC-5B5DF22E0E19}.Debug|Any CPU.ActiveCfg = Debug|Any CPU
		{B0CAD937-5AA2-421D-BADC-5B5DF22E0E19}.Debug|Any CPU.Build.0 = Debug|Any CPU
		{B0CAD937-5AA2-421D-BADC-5B5DF22E0E19}.Release|Any CPU.ActiveCfg = Release|Any CPU
		{B0CAD937-5AA2-421D-BADC-5B5DF22E0E19}.Release|Any CPU.Build.0 = Release|Any CPU
	EndGlobalSection
	GlobalSection(SolutionProperties) = preSolution
		HideSolutionNode = FALSE
	EndGlobalSection
	GlobalSection(ExtensibilityGlobals) = postSolution
		SolutionGuid = {252EBEE3-3E53-4F0E-9FCA-C57E91A3E98E}
	EndGlobalSection
EndGlobal
